
Microsoft Visual Studio Solution File, Format Version 12.00
# Visual Studio Version 17
VisualStudioVersion = 17.0.32112.339
MinimumVisualStudioVersion = 10.0.40219.1
Project("{9A19103F-16F7-4668-BE54-9A1E7A4F7556}") = "Linq.NET5CombiningSequencesIntoOne", "Linq.NET5\Linq.NET5CombiningSequencesIntoOne.csproj", "{E04A623F-0139-4A57-AEFC-535A7A07D5B0}"
EndProject
Project("{2150E333-8FDC-42A3-9474-1A3956D46DE8}") = "Info", "Info", "{EC54B5BC-74D0-4C6E-BC3B-A75D843FD08A}"
	ProjectSection(SolutionItems) = preProject
		LINQ extansions(comands).docx = LINQ extansions(comands).docx
		Linq.NET5CombiningSequencesIntoOne.docx = Linq.NET5CombiningSequencesIntoOne.docx
	EndProjectSection
EndProject
Project("{9A19103F-16F7-4668-BE54-9A1E7A4F7556}") = "XML", "XML\XML.csproj", "{BBFB8662-EC83-4894-81C3-987F469C2664}"
EndProject
Project("{FAE04EC0-301F-11D3-BF4B-00C04F79EFBC}") = "JSON", "JSON\JSON.csproj", "{4E0A0745-C5AF-4D8E-8F9A-9AE294A3DA08}"
EndProject
Global
	GlobalSection(SolutionConfigurationPlatforms) = preSolution
		Debug|Any CPU = Debug|Any CPU
		Release|Any CPU = Release|Any CPU
	EndGlobalSection
	GlobalSection(ProjectConfigurationPlatforms) = postSolution
		{E04A623F-0139-4A57-AEFC-535A7A07D5B0}.Debug|Any CPU.ActiveCfg = Debug|Any CPU
		{E04A623F-0139-4A57-AEFC-535A7A07D5B0}.Debug|Any CPU.Build.0 = Debug|Any CPU
		{E04A623F-0139-4A57-AEFC-535A7A07D5B0}.Release|Any CPU.ActiveCfg = Release|Any CPU
		{E04A623F-0139-4A57-AEFC-535A7A07D5B0}.Release|Any CPU.Build.0 = Release|Any CPU
		{BBFB8662-EC83-4894-81C3-987F469C2664}.Debug|Any CPU.ActiveCfg = Debug|Any CPU
		{BBFB8662-EC83-4894-81C3-987F469C2664}.Debug|Any CPU.Build.0 = Debug|Any CPU
		{BBFB8662-EC83-4894-81C3-987F469C2664}.Release|Any CPU.ActiveCfg = Release|Any CPU
		{BBFB8662-EC83-4894-81C3-987F469C2664}.Release|Any CPU.Build.0 = Release|Any CPU
		{4E0A0745-C5AF-4D8E-8F9A-9AE294A3DA08}.Debug|Any CPU.ActiveCfg = Debug|Any CPU
		{4E0A0745-C5AF-4D8E-8F9A-9AE294A3DA08}.Debug|Any CPU.Build.0 = Debug|Any CPU
		{4E0A0745-C5AF-4D8E-8F9A-9AE294A3DA08}.Release|Any CPU.ActiveCfg = Release|Any CPU
		{4E0A0745-C5AF-4D8E-8F9A-9AE294A3DA08}.Release|Any CPU.Build.0 = Release|Any CPU
	EndGlobalSection
	GlobalSection(SolutionProperties) = preSolution
		HideSolutionNode = FALSE
	EndGlobalSection
	GlobalSection(ExtensibilityGlobals) = postSolution
		SolutionGuid = {8C5191F1-BC37-4FCF-A64A-094362D3EFEE}
	EndGlobalSection
EndGlobal
